// !$*UTF8*$!
{
	archiveVersion = 1;
	classes = {
	};
	objectVersion = 56;
	objects = {

/* Begin PBXBuildFile section */
		89EAF8DB2A6EA039001DAE63 /* MainViewController.swift in Sources */ = {isa = PBXBuildFile; fileRef = 89EAF8DA2A6EA039001DAE63 /* MainViewController.swift */; };
		89EAF8DD2A6EA046001DAE63 /* MainViewController.storyboard in Resources */ = {isa = PBXBuildFile; fileRef = 89EAF8DC2A6EA045001DAE63 /* MainViewController.storyboard */; };
		89EAF8DF2A6EA057001DAE63 /* DetailViewController.swift in Sources */ = {isa = PBXBuildFile; fileRef = 89EAF8DE2A6EA057001DAE63 /* DetailViewController.swift */; };
		89EAF8E12A6EA067001DAE63 /* DetailViewController.storyboard in Resources */ = {isa = PBXBuildFile; fileRef = 89EAF8E02A6EA067001DAE63 /* DetailViewController.storyboard */; };
		89EAF8E62A6EA739001DAE63 /* ContactsCell.swift in Sources */ = {isa = PBXBuildFile; fileRef = 89EAF8E52A6EA739001DAE63 /* ContactsCell.swift */; };
		89EAF8E82A6EA753001DAE63 /* Contacts.swift in Sources */ = {isa = PBXBuildFile; fileRef = 89EAF8E72A6EA753001DAE63 /* Contacts.swift */; };
		89F03F772A6B01F40005D51B /* AppDelegate.swift in Sources */ = {isa = PBXBuildFile; fileRef = 89F03F762A6B01F40005D51B /* AppDelegate.swift */; };
		89F03F792A6B01F40005D51B /* SceneDelegate.swift in Sources */ = {isa = PBXBuildFile; fileRef = 89F03F782A6B01F40005D51B /* SceneDelegate.swift */; };
		89F03F812A6B01F40005D51B /* ContactsApp.xcdatamodeld in Sources */ = {isa = PBXBuildFile; fileRef = 89F03F7F2A6B01F40005D51B /* ContactsApp.xcdatamodeld */; };
		89F03F832A6B01F50005D51B /* Assets.xcassets in Resources */ = {isa = PBXBuildFile; fileRef = 89F03F822A6B01F50005D51B /* Assets.xcassets */; };
		89F03F862A6B01F50005D51B /* LaunchScreen.storyboard in Resources */ = {isa = PBXBuildFile; fileRef = 89F03F842A6B01F50005D51B /* LaunchScreen.storyboard */; };
/* End PBXBuildFile section */

/* Begin PBXFileReference section */
		89EAF8DA2A6EA039001DAE63 /* MainViewController.swift */ = {isa = PBXFileReference; lastKnownFileType = sourcecode.swift; path = MainViewController.swift; sourceTree = "<group>"; };
		89EAF8DC2A6EA045001DAE63 /* MainViewController.storyboard */ = {isa = PBXFileReference; lastKnownFileType = file.storyboard; path = MainViewController.storyboard; sourceTree = "<group>"; };
		89EAF8DE2A6EA057001DAE63 /* DetailViewController.swift */ = {isa = PBXFileReference; lastKnownFileType = sourcecode.swift; path = DetailViewController.swift; sourceTree = "<group>"; };
		89EAF8E02A6EA067001DAE63 /* DetailViewController.storyboard */ = {isa = PBXFileReference; lastKnownFileType = file.storyboard; path = DetailViewController.storyboard; sourceTree = "<group>"; };
		89EAF8E52A6EA739001DAE63 /* ContactsCell.swift */ = {isa = PBXFileReference; lastKnownFileType = sourcecode.swift; path = ContactsCell.swift; sourceTree = "<group>"; };
		89EAF8E72A6EA753001DAE63 /* Contacts.swift */ = {isa = PBXFileReference; lastKnownFileType = sourcecode.swift; path = Contacts.swift; sourceTree = "<group>"; };
		89F03F732A6B01F40005D51B /* ContactsApp.app */ = {isa = PBXFileReference; explicitFileType = wrapper.application; includeInIndex = 0; path = ContactsApp.app; sourceTree = BUILT_PRODUCTS_DIR; };
		89F03F762A6B01F40005D51B /* AppDelegate.swift */ = {isa = PBXFileReference; lastKnownFileType = sourcecode.swift; path = AppDelegate.swift; sourceTree = "<group>"; };
		89F03F782A6B01F40005D51B /* SceneDelegate.swift */ = {isa = PBXFileReference; lastKnownFileType = sourcecode.swift; path = SceneDelegate.swift; sourceTree = "<group>"; };
		89F03F802A6B01F40005D51B /* ContactsApp.xcdatamodel */ = {isa = PBXFileReference; lastKnownFileType = wrapper.xcdatamodel; path = ContactsApp.xcdatamodel; sourceTree = "<group>"; };
		89F03F822A6B01F50005D51B /* Assets.xcassets */ = {isa = PBXFileReference; lastKnownFileType = folder.assetcatalog; path = Assets.xcassets; sourceTree = "<group>"; };
		89F03F852A6B01F50005D51B /* Base */ = {isa = PBXFileReference; lastKnownFileType = file.storyboard; name = Base; path = Base.lproj/LaunchScreen.storyboard; sourceTree = "<group>"; };
		89F03F872A6B01F50005D51B /* Info.plist */ = {isa = PBXFileReference; lastKnownFileType = text.plist.xml; path = Info.plist; sourceTree = "<group>"; };
/* End PBXFileReference section */

/* Begin PBXFrameworksBuildPhase section */
		89F03F702A6B01F40005D51B /* Frameworks */ = {
			isa = PBXFrameworksBuildPhase;
			buildActionMask = 2147483647;
			files = (
			);
			runOnlyForDeploymentPostprocessing = 0;
		};
/* End PBXFrameworksBuildPhase section */

/* Begin PBXGroup section */
		89EAF8D82A6E9FF4001DAE63 /* MainPage */ = {
			isa = PBXGroup;
			children = (
				89EAF8DA2A6EA039001DAE63 /* MainViewController.swift */,
				89EAF8DC2A6EA045001DAE63 /* MainViewController.storyboard */,
				89EAF8E52A6EA739001DAE63 /* ContactsCell.swift */,
				89EAF8E72A6EA753001DAE63 /* Contacts.swift */,
			);
			path = MainPage;
			sourceTree = "<group>";
		};
		89EAF8D92A6EA004001DAE63 /* DetailPage */ = {
			isa = PBXGroup;
			children = (
				89EAF8DE2A6EA057001DAE63 /* DetailViewController.swift */,
				89EAF8E02A6EA067001DAE63 /* DetailViewController.storyboard */,
			);
			path = DetailPage;
			sourceTree = "<group>";
		};
		89F03F6A2A6B01F40005D51B = {
			isa = PBXGroup;
			children = (
				89F03F752A6B01F40005D51B /* ContactsApp */,
				89F03F742A6B01F40005D51B /* Products */,
			);
			sourceTree = "<group>";
		};
		89F03F742A6B01F40005D51B /* Products */ = {
			isa = PBXGroup;
			children = (
				89F03F732A6B01F40005D51B /* ContactsApp.app */,
			);
			name = Products;
			sourceTree = "<group>";
		};
		89F03F752A6B01F40005D51B /* ContactsApp */ = {
			isa = PBXGroup;
			children = (
				89EAF8D82A6E9FF4001DAE63 /* MainPage */,
				89EAF8D92A6EA004001DAE63 /* DetailPage */,
				89F03F762A6B01F40005D51B /* AppDelegate.swift */,
				89F03F782A6B01F40005D51B /* SceneDelegate.swift */,
				89F03F822A6B01F50005D51B /* Assets.xcassets */,
				89F03F842A6B01F50005D51B /* LaunchScreen.storyboard */,
				89F03F872A6B01F50005D51B /* Info.plist */,
				89F03F7F2A6B01F40005D51B /* ContactsApp.xcdatamodeld */,
			);
			path = ContactsApp;
			sourceTree = "<group>";
		};
/* End PBXGroup section */

/* Begin PBXNativeTarget section */
		89F03F722A6B01F40005D51B /* ContactsApp */ = {
			isa = PBXNativeTarget;
			buildConfigurationList = 89F03F8A2A6B01F50005D51B /* Build configuration list for PBXNativeTarget "ContactsApp" */;
			buildPhases = (
				89F03F6F2A6B01F40005D51B /* Sources */,
				89F03F702A6B01F40005D51B /* Frameworks */,
				89F03F712A6B01F40005D51B /* Resources */,
			);
			buildRules = (
			);
			dependencies = (
			);
			name = ContactsApp;
			productName = ContactsApp;
			productReference = 89F03F732A6B01F40005D51B /* ContactsApp.app */;
			productType = "com.apple.product-type.application";
		};
/* End PBXNativeTarget section */

/* Begin PBXProject section */
		89F03F6B2A6B01F40005D51B /* Project object */ = {
			isa = PBXProject;
			attributes = {
				BuildIndependentTargetsInParallel = 1;
				LastSwiftUpdateCheck = 1430;
				LastUpgradeCheck = 1430;
				TargetAttributes = {
					89F03F722A6B01F40005D51B = {
						CreatedOnToolsVersion = 14.3.1;
					};
				};
			};
			buildConfigurationList = 89F03F6E2A6B01F40005D51B /* Build configuration list for PBXProject "ContactsApp" */;
			compatibilityVersion = "Xcode 14.0";
			developmentRegion = en;
			hasScannedForEncodings = 0;
			knownRegions = (
				en,
				Base,
			);
			mainGroup = 89F03F6A2A6B01F40005D51B;
			productRefGroup = 89F03F742A6B01F40005D51B /* Products */;
			projectDirPath = "";
			projectRoot = "";
			targets = (
				89F03F722A6B01F40005D51B /* ContactsApp */,
			);
		};
/* End PBXProject section */

/* Begin PBXResourcesBuildPhase section */
		89F03F712A6B01F40005D51B /* Resources */ = {
			isa = PBXResourcesBuildPhase;
			buildActionMask = 2147483647;
			files = (
				89EAF8DD2A6EA046001DAE63 /* MainViewController.storyboard in Resources */,
				89F03F862A6B01F50005D51B /* LaunchScreen.storyboard in Resources */,
				89EAF8E12A6EA067001DAE63 /* DetailViewController.storyboard in Resources */,
				89F03F832A6B01F50005D51B /* Assets.xcassets in Resources */,
			);
			runOnlyForDeploymentPostprocessing = 0;
		};
/* End PBXResourcesBuildPhase section */

/* Begin PBXSourcesBuildPhase section */
		89F03F6F2A6B01F40005D51B /* Sources */ = {
			isa = PBXSourcesBuildPhase;
			buildActionMask = 2147483647;
			files = (
				89F03F812A6B01F40005D51B /* ContactsApp.xcdatamodeld in Sources */,
				89F03F772A6B01F40005D51B /* AppDelegate.swift in Sources */,
				89EAF8E62A6EA739001DAE63 /* ContactsCell.swift in Sources */,
				89EAF8DF2A6EA057001DAE63 /* DetailViewController.swift in Sources */,
				89F03F792A6B01F40005D51B /* SceneDelegate.swift in Sources */,
				89EAF8DB2A6EA039001DAE63 /* MainViewController.swift in Sources */,
				89EAF8E82A6EA753001DAE63 /* Contacts.swift in Sources */,
			);
			runOnlyForDeploymentPostprocessing = 0;
		};
/* End PBXSourcesBuildPhase section */

/* Begin PBXVariantGroup section */
		89F03F842A6B01F50005D51B /* LaunchScreen.storyboard */ = {
			isa = PBXVariantGroup;
			children = (
				89F03F852A6B01F50005D51B /* Base */,
			);
			name = LaunchScreen.storyboard;
			sourceTree = "<group>";
		};
/* End PBXVariantGroup section */

/* Begin XCBuildConfiguration section */
		89F03F882A6B01F50005D51B /* Debug */ = {
			isa = XCBuildConfiguration;
			buildSettings = {
				ALWAYS_SEARCH_USER_PATHS = NO;
				CLANG_ANALYZER_NONNULL = YES;
				CLANG_ANALYZER_NUMBER_OBJECT_CONVERSION = YES_AGGRESSIVE;
				CLANG_CXX_LANGUAGE_STANDARD = "gnu++20";
				CLANG_ENABLE_MODULES = YES;
				CLANG_ENABLE_OBJC_ARC = YES;
				CLANG_ENABLE_OBJC_WEAK = YES;
				CLANG_WARN_BLOCK_CAPTURE_AUTORELEASING = YES;
				CLANG_WARN_BOOL_CONVERSION = YES;
				CLANG_WARN_COMMA = YES;
				CLANG_WARN_CONSTANT_CONVERSION = YES;
				CLANG_WARN_DEPRECATED_OBJC_IMPLEMENTATIONS = YES;
				CLANG_WARN_DIRECT_OBJC_ISA_USAGE = YES_ERROR;
				CLANG_WARN_DOCUMENTATION_COMMENTS = YES;
				CLANG_WARN_EMPTY_BODY = YES;
				CLANG_WARN_ENUM_CONVERSION = YES;
				CLANG_WARN_INFINITE_RECURSION = YES;
				CLANG_WARN_INT_CONVERSION = YES;
				CLANG_WARN_NON_LITERAL_NULL_CONVERSION = YES;
				CLANG_WARN_OBJC_IMPLICIT_RETAIN_SELF = YES;
				CLANG_WARN_OBJC_LITERAL_CONVERSION = YES;
				CLANG_WARN_OBJC_ROOT_CLASS = YES_ERROR;
				CLANG_WARN_QUOTED_INCLUDE_IN_FRAMEWORK_HEADER = YES;
				CLANG_WARN_RANGE_LOOP_ANALYSIS = YES;
				CLANG_WARN_STRICT_PROTOTYPES = YES;
				CLANG_WARN_SUSPICIOUS_MOVE = YES;
				CLANG_WARN_UNGUARDED_AVAILABILITY = YES_AGGRESSIVE;
				CLANG_WARN_UNREACHABLE_CODE = YES;
				CLANG_WARN__DUPLICATE_METHOD_MATCH = YES;
				COPY_PHASE_STRIP = NO;
				DEBUG_INFORMATION_FORMAT = dwarf;
				ENABLE_STRICT_OBJC_MSGSEND = YES;
				ENABLE_TESTABILITY = YES;
				GCC_C_LANGUAGE_STANDARD = gnu11;
				GCC_DYNAMIC_NO_PIC = NO;
				GCC_NO_COMMON_BLOCKS = YES;
				GCC_OPTIMIZATION_LEVEL = 0;
				GCC_PREPROCESSOR_DEFINITIONS = (
					"DEBUG=1",
					"$(inherited)",
				);
				GCC_WARN_64_TO_32_BIT_CONVERSION = YES;
				GCC_WARN_ABOUT_RETURN_TYPE = YES_ERROR;
				GCC_WARN_UNDECLARED_SELECTOR = YES;
				GCC_WARN_UNINITIALIZED_AUTOS = YES_AGGRESSIVE;
				GCC_WARN_UNUSED_FUNCTION = YES;
				GCC_WARN_UNUSED_VARIABLE = YES;
				IPHONEOS_DEPLOYMENT_TARGET = 16.4;
				MTL_ENABLE_DEBUG_INFO = INCLUDE_SOURCE;
				MTL_FAST_MATH = YES;
				ONLY_ACTIVE_ARCH = YES;
				SDKROOT = iphoneos;
				SWIFT_ACTIVE_COMPILATION_CONDITIONS = DEBUG;
				SWIFT_OPTIMIZATION_LEVEL = "-Onone";
			};
			name = Debug;
		};
		89F03F892A6B01F50005D51B /* Release */ = {
			isa = XCBuildConfiguration;
			buildSettings = {
				ALWAYS_SEARCH_USER_PATHS = NO;
				CLANG_ANALYZER_NONNULL = YES;
				CLANG_ANALYZER_NUMBER_OBJECT_CONVERSION = YES_AGGRESSIVE;
				CLANG_CXX_LANGUAGE_STANDARD = "gnu++20";
				CLANG_ENABLE_MODULES = YES;
				CLANG_ENABLE_OBJC_ARC = YES;
				CLANG_ENABLE_OBJC_WEAK = YES;
				CLANG_WARN_BLOCK_CAPTURE_AUTORELEASING = YES;
				CLANG_WARN_BOOL_CONVERSION = YES;
				CLANG_WARN_COMMA = YES;
				CLANG_WARN_CONSTANT_CONVERSION = YES;
				CLANG_WARN_DEPRECATED_OBJC_IMPLEMENTATIONS = YES;
				CLANG_WARN_DIRECT_OBJC_ISA_USAGE = YES_ERROR;
				CLANG_WARN_DOCUMENTATION_COMMENTS = YES;
				CLANG_WARN_EMPTY_BODY = YES;
				CLANG_WARN_ENUM_CONVERSION = YES;
				CLANG_WARN_INFINITE_RECURSION = YES;
				CLANG_WARN_INT_CONVERSION = YES;
				CLANG_WARN_NON_LITERAL_NULL_CONVERSION = YES;
				CLANG_WARN_OBJC_IMPLICIT_RETAIN_SELF = YES;
				CLANG_WARN_OBJC_LITERAL_CONVERSION = YES;
				CLANG_WARN_OBJC_ROOT_CLASS = YES_ERROR;
				CLANG_WARN_QUOTED_INCLUDE_IN_FRAMEWORK_HEADER = YES;
				CLANG_WARN_RANGE_LOOP_ANALYSIS = YES;
				CLANG_WARN_STRICT_PROTOTYPES = YES;
				CLANG_WARN_SUSPICIOUS_MOVE = YES;
				CLANG_WARN_UNGUARDED_AVAILABILITY = YES_AGGRESSIVE;
				CLANG_WARN_UNREACHABLE_CODE = YES;
				CLANG_WARN__DUPLICATE_METHOD_MATCH = YES;
				COPY_PHASE_STRIP = NO;
				DEBUG_INFORMATION_FORMAT = "dwarf-with-dsym";
				ENABLE_NS_ASSERTIONS = NO;
				ENABLE_STRICT_OBJC_MSGSEND = YES;
				GCC_C_LANGUAGE_STANDARD = gnu11;
				GCC_NO_COMMON_BLOCKS = YES;
				GCC_WARN_64_TO_32_BIT_CONVERSION = YES;
				GCC_WARN_ABOUT_RETURN_TYPE = YES_ERROR;
				GCC_WARN_UNDECLARED_SELECTOR = YES;
				GCC_WARN_UNINITIALIZED_AUTOS = YES_AGGRESSIVE;
				GCC_WARN_UNUSED_FUNCTION = YES;
				GCC_WARN_UNUSED_VARIABLE = YES;
				IPHONEOS_DEPLOYMENT_TARGET = 16.4;
				MTL_ENABLE_DEBUG_INFO = NO;
				MTL_FAST_MATH = YES;
				SDKROOT = iphoneos;
				SWIFT_COMPILATION_MODE = wholemodule;
				SWIFT_OPTIMIZATION_LEVEL = "-O";
				VALIDATE_PRODUCT = YES;
			};
			name = Release;
		};
		89F03F8B2A6B01F50005D51B /* Debug */ = {
			isa = XCBuildConfiguration;
			buildSettings = {
				ASSETCATALOG_COMPILER_APPICON_NAME = AppIcon;
				ASSETCATALOG_COMPILER_GLOBAL_ACCENT_COLOR_NAME = AccentColor;
				CODE_SIGN_STYLE = Automatic;
				CURRENT_PROJECT_VERSION = 1;
				DEVELOPMENT_TEAM = QV4625ZAU9;
				GENERATE_INFOPLIST_FILE = YES;
				INFOPLIST_FILE = ContactsApp/Info.plist;
				INFOPLIST_KEY_UIApplicationSupportsIndirectInputEvents = YES;
				INFOPLIST_KEY_UILaunchStoryboardName = LaunchScreen;
				INFOPLIST_KEY_UISupportedInterfaceOrientations_iPad = "UIInterfaceOrientationPortrait UIInterfaceOrientationPortraitUpsideDown UIInterfaceOrientationLandscapeLeft UIInterfaceOrientationLandscapeRight";
				INFOPLIST_KEY_UISupportedInterfaceOrientations_iPhone = "UIInterfaceOrientationPortrait UIInterfaceOrientationLandscapeLeft UIInterfaceOrientationLandscapeRight";
				LD_RUNPATH_SEARCH_PATHS = (
					"$(inherited)",
					"@executable_path/Frameworks",
				);
				MARKETING_VERSION = 1.0;
				PRODUCT_BUNDLE_IDENTIFIER = com.oznurolcek.ContactsApp;
				PRODUCT_NAME = "$(TARGET_NAME)";
				SWIFT_EMIT_LOC_STRINGS = YES;
				SWIFT_VERSION = 5.0;
				TARGETED_DEVICE_FAMILY = "1,2";
			};
			name = Debug;
		};
		89F03F8C2A6B01F50005D51B /* Release */ = {
			isa = XCBuildConfiguration;
			buildSettings = {
				ASSETCATALOG_COMPILER_APPICON_NAME = AppIcon;
				ASSETCATALOG_COMPILER_GLOBAL_ACCENT_COLOR_NAME = AccentColor;
				CODE_SIGN_STYLE = Automatic;
				CURRENT_PROJECT_VERSION = 1;
				DEVELOPMENT_TEAM = QV4625ZAU9;
				GENERATE_INFOPLIST_FILE = YES;
				INFOPLIST_FILE = ContactsApp/Info.plist;
				INFOPLIST_KEY_UIApplicationSupportsIndirectInputEvents = YES;
				INFOPLIST_KEY_UILaunchStoryboardName = LaunchScreen;
				INFOPLIST_KEY_UISupportedInterfaceOrientations_iPad = "UIInterfaceOrientationPortrait UIInterfaceOrientationPortraitUpsideDown UIInterfaceOrientationLandscapeLeft UIInterfaceOrientationLandscapeRight";
				INFOPLIST_KEY_UISupportedInterfaceOrientations_iPhone = "UIInterfaceOrientationPortrait UIInterfaceOrientationLandscapeLeft UIInterfaceOrientationLandscapeRight";
				LD_RUNPATH_SEARCH_PATHS = (
					"$(inherited)",
					"@executable_path/Frameworks",
				);
				MARKETING_VERSION = 1.0;
				PRODUCT_BUNDLE_IDENTIFIER = com.oznurolcek.ContactsApp;
				PRODUCT_NAME = "$(TARGET_NAME)";
				SWIFT_EMIT_LOC_STRINGS = YES;
				SWIFT_VERSION = 5.0;
				TARGETED_DEVICE_FAMILY = "1,2";
			};
			name = Release;
		};
/* End XCBuildConfiguration section */

/* Begin XCConfigurationList section */
		89F03F6E2A6B01F40005D51B /* Build configuration list for PBXProject "ContactsApp" */ = {
			isa = XCConfigurationList;
			buildConfigurations = (
				89F03F882A6B01F50005D51B /* Debug */,
				89F03F892A6B01F50005D51B /* Release */,
			);
			defaultConfigurationIsVisible = 0;
			defaultConfigurationName = Release;
		};
		89F03F8A2A6B01F50005D51B /* Build configuration list for PBXNativeTarget "ContactsApp" */ = {
			isa = XCConfigurationList;
			buildConfigurations = (
				89F03F8B2A6B01F50005D51B /* Debug */,
				89F03F8C2A6B01F50005D51B /* Release */,
			);
			defaultConfigurationIsVisible = 0;
			defaultConfigurationName = Release;
		};
/* End XCConfigurationList section */

/* Begin XCVersionGroup section */
		89F03F7F2A6B01F40005D51B /* ContactsApp.xcdatamodeld */ = {
			isa = XCVersionGroup;
			children = (
				89F03F802A6B01F40005D51B /* ContactsApp.xcdatamodel */,
			);
			currentVersion = 89F03F802A6B01F40005D51B /* ContactsApp.xcdatamodel */;
			path = ContactsApp.xcdatamodeld;
			sourceTree = "<group>";
			versionGroupType = wrapper.xcdatamodel;
		};
/* End XCVersionGroup section */
	};
	rootObject = 89F03F6B2A6B01F40005D51B /* Project object */;
}
